
Microsoft Visual Studio Solution File, Format Version 12.00
# Visual Studio Version 17
VisualStudioVersion = 17.10.34928.147
MinimumVisualStudioVersion = 10.0.40219.1
Project("{FAE04EC0-301F-11D3-BF4B-00C04F79EFBC}") = "Project01", "Project01\Project01.csproj", "{DA281062-83EC-4565-B654-A49DD7D0814E}"
EndProject
Global
	GlobalSection(SolutionConfigurationPlatforms) = preSolution
		Debug|Any CPU = Debug|Any CPU
		Release|Any CPU = Release|Any CPU
	EndGlobalSection
	GlobalSection(ProjectConfigurationPlatforms) = postSolution
		{DA281062-83EC-4565-B654-A49DD7D0814E}.Debug|Any CPU.ActiveCfg = Debug|Any CPU
		{DA281062-83EC-4565-B654-A49DD7D0814E}.Debug|Any CPU.Build.0 = Debug|Any CPU
		{DA281062-83EC-4565-B654-A49DD7D0814E}.Release|Any CPU.ActiveCfg = Release|Any CPU
		{DA281062-83EC-4565-B654-A49DD7D0814E}.Release|Any CPU.Build.0 = Release|Any CPU
	EndGlobalSection
	GlobalSection(SolutionProperties) = preSolution
		HideSolutionNode = FALSE
	EndGlobalSection
	GlobalSection(ExtensibilityGlobals) = postSolution
		SolutionGuid = {2EA6BF3F-DF89-4A4D-80C5-9840808204F8}
	EndGlobalSection
EndGlobal
